// !$*UTF8*$!
{
	archiveVersion = 1;
	classes = {
	};
	objectVersion = 56;
	objects = {

/* Begin PBXBuildFile section */
		74C556F22BA60606009E4CA4 /* PokedexApp.swift in Sources */ = {isa = PBXBuildFile; fileRef = 74C556F12BA60606009E4CA4 /* PokedexApp.swift */; };
		74C556F42BA60606009E4CA4 /* ContentView.swift in Sources */ = {isa = PBXBuildFile; fileRef = 74C556F32BA60606009E4CA4 /* ContentView.swift */; };
		74C556F62BA60607009E4CA4 /* Assets.xcassets in Resources */ = {isa = PBXBuildFile; fileRef = 74C556F52BA60607009E4CA4 /* Assets.xcassets */; };
		74C556F92BA60607009E4CA4 /* Preview Assets.xcassets in Resources */ = {isa = PBXBuildFile; fileRef = 74C556F82BA60607009E4CA4 /* Preview Assets.xcassets */; };
		74C557012BA60842009E4CA4 /* Pokemon.swift in Sources */ = {isa = PBXBuildFile; fileRef = 74C557002BA60842009E4CA4 /* Pokemon.swift */; };
		74C557032BA60896009E4CA4 /* PokemonBasic.swift in Sources */ = {isa = PBXBuildFile; fileRef = 74C557022BA60896009E4CA4 /* PokemonBasic.swift */; };
		74C557082BA60C1B009E4CA4 /* PokemonBasicView.swift in Sources */ = {isa = PBXBuildFile; fileRef = 74C557072BA60C1B009E4CA4 /* PokemonBasicView.swift */; };
		74C5570E2BA6115B009E4CA4 /* PressStart2P-Regular.ttf in Resources */ = {isa = PBXBuildFile; fileRef = 74C5570D2BA6115B009E4CA4 /* PressStart2P-Regular.ttf */; };
		74C557122BA616F1009E4CA4 /* PokemonViewModel.swift in Sources */ = {isa = PBXBuildFile; fileRef = 74C557112BA616F1009E4CA4 /* PokemonViewModel.swift */; };
		74C557152BA6181D009E4CA4 /* PokemonError.swift in Sources */ = {isa = PBXBuildFile; fileRef = 74C557142BA6181D009E4CA4 /* PokemonError.swift */; };
		74C557172BA61A2C009E4CA4 /* PokemonView.swift in Sources */ = {isa = PBXBuildFile; fileRef = 74C557162BA61A2C009E4CA4 /* PokemonView.swift */; };
		74C557192BA62833009E4CA4 /* LoadingView.swift in Sources */ = {isa = PBXBuildFile; fileRef = 74C557182BA62833009E4CA4 /* LoadingView.swift */; };
		74C5571B2BA62967009E4CA4 /* ChoosePokemonViewModel.swift in Sources */ = {isa = PBXBuildFile; fileRef = 74C5571A2BA62967009E4CA4 /* ChoosePokemonViewModel.swift */; };
		74C5571D2BA629F0009E4CA4 /* PokemonsData.swift in Sources */ = {isa = PBXBuildFile; fileRef = 74C5571C2BA629F0009E4CA4 /* PokemonsData.swift */; };
		74C5571F2BA62A65009E4CA4 /* ChoosePokemonView.swift in Sources */ = {isa = PBXBuildFile; fileRef = 74C5571E2BA62A65009E4CA4 /* ChoosePokemonView.swift */; };
		74C557212BA63F8A009E4CA4 /* PokemonImage.swift in Sources */ = {isa = PBXBuildFile; fileRef = 74C557202BA63F8A009E4CA4 /* PokemonImage.swift */; };
		74C557232BA714B4009E4CA4 /* SplashScreenView.swift in Sources */ = {isa = PBXBuildFile; fileRef = 74C557222BA714B4009E4CA4 /* SplashScreenView.swift */; };
		74C557252BA7169D009E4CA4 /* Localizable.xcstrings in Resources */ = {isa = PBXBuildFile; fileRef = 74C557242BA7169C009E4CA4 /* Localizable.xcstrings */; };
		74C557272BA7446E009E4CA4 /* PokemonSearchView.swift in Sources */ = {isa = PBXBuildFile; fileRef = 74C557262BA7446E009E4CA4 /* PokemonSearchView.swift */; };
		74C5572B2BA77703009E4CA4 /* SinglePokemonSearchView.swift in Sources */ = {isa = PBXBuildFile; fileRef = 74C5572A2BA77703009E4CA4 /* SinglePokemonSearchView.swift */; };
		74C5572E2BA7953F009E4CA4 /* SearchType.swift in Sources */ = {isa = PBXBuildFile; fileRef = 74C5572D2BA7953F009E4CA4 /* SearchType.swift */; };
		74C557302BA79948009E4CA4 /* ToolbarView.swift in Sources */ = {isa = PBXBuildFile; fileRef = 74C5572F2BA79948009E4CA4 /* ToolbarView.swift */; };
		74C557322BA7996C009E4CA4 /* ProfileView.swift in Sources */ = {isa = PBXBuildFile; fileRef = 74C557312BA7996C009E4CA4 /* ProfileView.swift */; };
		74C557342BA7997B009E4CA4 /* SettingsView.swift in Sources */ = {isa = PBXBuildFile; fileRef = 74C557332BA7997B009E4CA4 /* SettingsView.swift */; };
/* End PBXBuildFile section */

/* Begin PBXFileReference section */
		74C556EE2BA60606009E4CA4 /* Pokedex.app */ = {isa = PBXFileReference; explicitFileType = wrapper.application; includeInIndex = 0; path = Pokedex.app; sourceTree = BUILT_PRODUCTS_DIR; };
		74C556F12BA60606009E4CA4 /* PokedexApp.swift */ = {isa = PBXFileReference; lastKnownFileType = sourcecode.swift; path = PokedexApp.swift; sourceTree = "<group>"; };
		74C556F32BA60606009E4CA4 /* ContentView.swift */ = {isa = PBXFileReference; lastKnownFileType = sourcecode.swift; path = ContentView.swift; sourceTree = "<group>"; };
		74C556F52BA60607009E4CA4 /* Assets.xcassets */ = {isa = PBXFileReference; lastKnownFileType = folder.assetcatalog; path = Assets.xcassets; sourceTree = "<group>"; };
		74C556F82BA60607009E4CA4 /* Preview Assets.xcassets */ = {isa = PBXFileReference; lastKnownFileType = folder.assetcatalog; path = "Preview Assets.xcassets"; sourceTree = "<group>"; };
		74C557002BA60842009E4CA4 /* Pokemon.swift */ = {isa = PBXFileReference; lastKnownFileType = sourcecode.swift; path = Pokemon.swift; sourceTree = "<group>"; };
		74C557022BA60896009E4CA4 /* PokemonBasic.swift */ = {isa = PBXFileReference; lastKnownFileType = sourcecode.swift; path = PokemonBasic.swift; sourceTree = "<group>"; };
		74C557072BA60C1B009E4CA4 /* PokemonBasicView.swift */ = {isa = PBXFileReference; lastKnownFileType = sourcecode.swift; path = PokemonBasicView.swift; sourceTree = "<group>"; };
		74C5570C2BA60FDA009E4CA4 /* Info.plist */ = {isa = PBXFileReference; lastKnownFileType = text.plist; path = Info.plist; sourceTree = "<group>"; };
		74C5570D2BA6115B009E4CA4 /* PressStart2P-Regular.ttf */ = {isa = PBXFileReference; lastKnownFileType = file; path = "PressStart2P-Regular.ttf"; sourceTree = "<group>"; };
		74C557112BA616F1009E4CA4 /* PokemonViewModel.swift */ = {isa = PBXFileReference; lastKnownFileType = sourcecode.swift; path = PokemonViewModel.swift; sourceTree = "<group>"; };
		74C557142BA6181D009E4CA4 /* PokemonError.swift */ = {isa = PBXFileReference; lastKnownFileType = sourcecode.swift; path = PokemonError.swift; sourceTree = "<group>"; };
		74C557162BA61A2C009E4CA4 /* PokemonView.swift */ = {isa = PBXFileReference; lastKnownFileType = sourcecode.swift; path = PokemonView.swift; sourceTree = "<group>"; };
		74C557182BA62833009E4CA4 /* LoadingView.swift */ = {isa = PBXFileReference; lastKnownFileType = sourcecode.swift; path = LoadingView.swift; sourceTree = "<group>"; };
		74C5571A2BA62967009E4CA4 /* ChoosePokemonViewModel.swift */ = {isa = PBXFileReference; lastKnownFileType = sourcecode.swift; path = ChoosePokemonViewModel.swift; sourceTree = "<group>"; };
		74C5571C2BA629F0009E4CA4 /* PokemonsData.swift */ = {isa = PBXFileReference; lastKnownFileType = sourcecode.swift; path = PokemonsData.swift; sourceTree = "<group>"; };
		74C5571E2BA62A65009E4CA4 /* ChoosePokemonView.swift */ = {isa = PBXFileReference; lastKnownFileType = sourcecode.swift; path = ChoosePokemonView.swift; sourceTree = "<group>"; };
		74C557202BA63F8A009E4CA4 /* PokemonImage.swift */ = {isa = PBXFileReference; lastKnownFileType = sourcecode.swift; path = PokemonImage.swift; sourceTree = "<group>"; };
		74C557222BA714B4009E4CA4 /* SplashScreenView.swift */ = {isa = PBXFileReference; lastKnownFileType = sourcecode.swift; path = SplashScreenView.swift; sourceTree = "<group>"; };
		74C557242BA7169C009E4CA4 /* Localizable.xcstrings */ = {isa = PBXFileReference; lastKnownFileType = text.json.xcstrings; path = Localizable.xcstrings; sourceTree = "<group>"; };
		74C557262BA7446E009E4CA4 /* PokemonSearchView.swift */ = {isa = PBXFileReference; lastKnownFileType = sourcecode.swift; path = PokemonSearchView.swift; sourceTree = "<group>"; };
		74C5572A2BA77703009E4CA4 /* SinglePokemonSearchView.swift */ = {isa = PBXFileReference; lastKnownFileType = sourcecode.swift; path = SinglePokemonSearchView.swift; sourceTree = "<group>"; };
		74C5572D2BA7953F009E4CA4 /* SearchType.swift */ = {isa = PBXFileReference; lastKnownFileType = sourcecode.swift; path = SearchType.swift; sourceTree = "<group>"; };
		74C5572F2BA79948009E4CA4 /* ToolbarView.swift */ = {isa = PBXFileReference; lastKnownFileType = sourcecode.swift; path = ToolbarView.swift; sourceTree = "<group>"; };
		74C557312BA7996C009E4CA4 /* ProfileView.swift */ = {isa = PBXFileReference; lastKnownFileType = sourcecode.swift; path = ProfileView.swift; sourceTree = "<group>"; };
		74C557332BA7997B009E4CA4 /* SettingsView.swift */ = {isa = PBXFileReference; lastKnownFileType = sourcecode.swift; path = SettingsView.swift; sourceTree = "<group>"; };
/* End PBXFileReference section */

/* Begin PBXFrameworksBuildPhase section */
		74C556EB2BA60606009E4CA4 /* Frameworks */ = {
			isa = PBXFrameworksBuildPhase;
			buildActionMask = 2147483647;
			files = (
			);
			runOnlyForDeploymentPostprocessing = 0;
		};
/* End PBXFrameworksBuildPhase section */

/* Begin PBXGroup section */
		74C556E52BA60606009E4CA4 = {
			isa = PBXGroup;
			children = (
				74C556F02BA60606009E4CA4 /* Pokedex */,
				74C556EF2BA60606009E4CA4 /* Products */,
			);
			sourceTree = "<group>";
		};
		74C556EF2BA60606009E4CA4 /* Products */ = {
			isa = PBXGroup;
			children = (
				74C556EE2BA60606009E4CA4 /* Pokedex.app */,
			);
			name = Products;
			sourceTree = "<group>";
		};
		74C556F02BA60606009E4CA4 /* Pokedex */ = {
			isa = PBXGroup;
			children = (
				74C5572C2BA79521009E4CA4 /* Utils */,
				74C557132BA6180C009E4CA4 /* Errors */,
				74C5570C2BA60FDA009E4CA4 /* Info.plist */,
				74C557102BA616C8009E4CA4 /* ViewModels */,
				74C557062BA60BFF009E4CA4 /* Views */,
				74C557052BA60BF4009E4CA4 /* Models */,
				74C556F12BA60606009E4CA4 /* PokedexApp.swift */,
				74C556F52BA60607009E4CA4 /* Assets.xcassets */,
				74C557242BA7169C009E4CA4 /* Localizable.xcstrings */,
				74C557092BA60F60009E4CA4 /* fonts */,
				74C556F72BA60607009E4CA4 /* Preview Content */,
			);
			path = Pokedex;
			sourceTree = "<group>";
		};
		74C556F72BA60607009E4CA4 /* Preview Content */ = {
			isa = PBXGroup;
			children = (
				74C556F82BA60607009E4CA4 /* Preview Assets.xcassets */,
			);
			path = "Preview Content";
			sourceTree = "<group>";
		};
		74C557052BA60BF4009E4CA4 /* Models */ = {
			isa = PBXGroup;
			children = (
				74C557002BA60842009E4CA4 /* Pokemon.swift */,
				74C557022BA60896009E4CA4 /* PokemonBasic.swift */,
				74C5571C2BA629F0009E4CA4 /* PokemonsData.swift */,
			);
			path = Models;
			sourceTree = "<group>";
		};
		74C557062BA60BFF009E4CA4 /* Views */ = {
			isa = PBXGroup;
			children = (
				74C556F32BA60606009E4CA4 /* ContentView.swift */,
				74C557222BA714B4009E4CA4 /* SplashScreenView.swift */,
				74C557182BA62833009E4CA4 /* LoadingView.swift */,
				74C5571E2BA62A65009E4CA4 /* ChoosePokemonView.swift */,
				74C557072BA60C1B009E4CA4 /* PokemonBasicView.swift */,
				74C557162BA61A2C009E4CA4 /* PokemonView.swift */,
				74C557262BA7446E009E4CA4 /* PokemonSearchView.swift */,
				74C5572A2BA77703009E4CA4 /* SinglePokemonSearchView.swift */,
				74C557202BA63F8A009E4CA4 /* PokemonImage.swift */,
				74C5572F2BA79948009E4CA4 /* ToolbarView.swift */,
				74C557332BA7997B009E4CA4 /* SettingsView.swift */,
				74C557312BA7996C009E4CA4 /* ProfileView.swift */,
			);
			path = Views;
			sourceTree = "<group>";
		};
		74C557092BA60F60009E4CA4 /* fonts */ = {
			isa = PBXGroup;
			children = (
				74C5570D2BA6115B009E4CA4 /* PressStart2P-Regular.ttf */,
			);
			path = fonts;
			sourceTree = "<group>";
		};
		74C557102BA616C8009E4CA4 /* ViewModels */ = {
			isa = PBXGroup;
			children = (
				74C557112BA616F1009E4CA4 /* PokemonViewModel.swift */,
				74C5571A2BA62967009E4CA4 /* ChoosePokemonViewModel.swift */,
			);
			path = ViewModels;
			sourceTree = "<group>";
		};
		74C557132BA6180C009E4CA4 /* Errors */ = {
			isa = PBXGroup;
			children = (
				74C557142BA6181D009E4CA4 /* PokemonError.swift */,
			);
			path = Errors;
			sourceTree = "<group>";
		};
		74C5572C2BA79521009E4CA4 /* Utils */ = {
			isa = PBXGroup;
			children = (
				74C5572D2BA7953F009E4CA4 /* SearchType.swift */,
			);
			path = Utils;
			sourceTree = "<group>";
		};
/* End PBXGroup section */

/* Begin PBXNativeTarget section */
		74C556ED2BA60606009E4CA4 /* Pokedex */ = {
			isa = PBXNativeTarget;
			buildConfigurationList = 74C556FC2BA60607009E4CA4 /* Build configuration list for PBXNativeTarget "Pokedex" */;
			buildPhases = (
				74C556EA2BA60606009E4CA4 /* Sources */,
				74C556EB2BA60606009E4CA4 /* Frameworks */,
				74C556EC2BA60606009E4CA4 /* Resources */,
			);
			buildRules = (
			);
			dependencies = (
			);
			name = Pokedex;
			productName = Pokedex;
			productReference = 74C556EE2BA60606009E4CA4 /* Pokedex.app */;
			productType = "com.apple.product-type.application";
		};
/* End PBXNativeTarget section */

/* Begin PBXProject section */
		74C556E62BA60606009E4CA4 /* Project object */ = {
			isa = PBXProject;
			attributes = {
				BuildIndependentTargetsInParallel = 1;
				LastSwiftUpdateCheck = 1530;
				LastUpgradeCheck = 1530;
				TargetAttributes = {
					74C556ED2BA60606009E4CA4 = {
						CreatedOnToolsVersion = 15.3;
					};
				};
			};
			buildConfigurationList = 74C556E92BA60606009E4CA4 /* Build configuration list for PBXProject "Pokedex" */;
			compatibilityVersion = "Xcode 14.0";
			developmentRegion = en;
			hasScannedForEncodings = 0;
			knownRegions = (
				en,
				Base,
				pl,
			);
			mainGroup = 74C556E52BA60606009E4CA4;
			productRefGroup = 74C556EF2BA60606009E4CA4 /* Products */;
			projectDirPath = "";
			projectRoot = "";
			targets = (
				74C556ED2BA60606009E4CA4 /* Pokedex */,
			);
		};
/* End PBXProject section */

/* Begin PBXResourcesBuildPhase section */
		74C556EC2BA60606009E4CA4 /* Resources */ = {
			isa = PBXResourcesBuildPhase;
			buildActionMask = 2147483647;
			files = (
				74C5570E2BA6115B009E4CA4 /* PressStart2P-Regular.ttf in Resources */,
				74C556F92BA60607009E4CA4 /* Preview Assets.xcassets in Resources */,
				74C557252BA7169D009E4CA4 /* Localizable.xcstrings in Resources */,
				74C556F62BA60607009E4CA4 /* Assets.xcassets in Resources */,
			);
			runOnlyForDeploymentPostprocessing = 0;
		};
/* End PBXResourcesBuildPhase section */

/* Begin PBXSourcesBuildPhase section */
		74C556EA2BA60606009E4CA4 /* Sources */ = {
			isa = PBXSourcesBuildPhase;
			buildActionMask = 2147483647;
			files = (
				74C557172BA61A2C009E4CA4 /* PokemonView.swift in Sources */,
				74C5571B2BA62967009E4CA4 /* ChoosePokemonViewModel.swift in Sources */,
				74C557302BA79948009E4CA4 /* ToolbarView.swift in Sources */,
				74C557082BA60C1B009E4CA4 /* PokemonBasicView.swift in Sources */,
				74C557032BA60896009E4CA4 /* PokemonBasic.swift in Sources */,
				74C557342BA7997B009E4CA4 /* SettingsView.swift in Sources */,
				74C557212BA63F8A009E4CA4 /* PokemonImage.swift in Sources */,
				74C557272BA7446E009E4CA4 /* PokemonSearchView.swift in Sources */,
				74C5571D2BA629F0009E4CA4 /* PokemonsData.swift in Sources */,
				74C5572B2BA77703009E4CA4 /* SinglePokemonSearchView.swift in Sources */,
				74C556F42BA60606009E4CA4 /* ContentView.swift in Sources */,
				74C557232BA714B4009E4CA4 /* SplashScreenView.swift in Sources */,
				74C557122BA616F1009E4CA4 /* PokemonViewModel.swift in Sources */,
				74C556F22BA60606009E4CA4 /* PokedexApp.swift in Sources */,
				74C557012BA60842009E4CA4 /* Pokemon.swift in Sources */,
				74C557152BA6181D009E4CA4 /* PokemonError.swift in Sources */,
				74C5572E2BA7953F009E4CA4 /* SearchType.swift in Sources */,
				74C557322BA7996C009E4CA4 /* ProfileView.swift in Sources */,
				74C557192BA62833009E4CA4 /* LoadingView.swift in Sources */,
				74C5571F2BA62A65009E4CA4 /* ChoosePokemonView.swift in Sources */,
			);
			runOnlyForDeploymentPostprocessing = 0;
		};
/* End PBXSourcesBuildPhase section */

/* Begin XCBuildConfiguration section */
		74C556FA2BA60607009E4CA4 /* Debug */ = {
			isa = XCBuildConfiguration;
			buildSettings = {
				ALWAYS_SEARCH_USER_PATHS = NO;
				ASSETCATALOG_COMPILER_GENERATE_SWIFT_ASSET_SYMBOL_EXTENSIONS = YES;
				CLANG_ANALYZER_NONNULL = YES;
				CLANG_ANALYZER_NUMBER_OBJECT_CONVERSION = YES_AGGRESSIVE;
				CLANG_CXX_LANGUAGE_STANDARD = "gnu++20";
				CLANG_ENABLE_MODULES = YES;
				CLANG_ENABLE_OBJC_ARC = YES;
				CLANG_ENABLE_OBJC_WEAK = YES;
				CLANG_WARN_BLOCK_CAPTURE_AUTORELEASING = YES;
				CLANG_WARN_BOOL_CONVERSION = YES;
				CLANG_WARN_COMMA = YES;
				CLANG_WARN_CONSTANT_CONVERSION = YES;
				CLANG_WARN_DEPRECATED_OBJC_IMPLEMENTATIONS = YES;
				CLANG_WARN_DIRECT_OBJC_ISA_USAGE = YES_ERROR;
				CLANG_WARN_DOCUMENTATION_COMMENTS = YES;
				CLANG_WARN_EMPTY_BODY = YES;
				CLANG_WARN_ENUM_CONVERSION = YES;
				CLANG_WARN_INFINITE_RECURSION = YES;
				CLANG_WARN_INT_CONVERSION = YES;
				CLANG_WARN_NON_LITERAL_NULL_CONVERSION = YES;
				CLANG_WARN_OBJC_IMPLICIT_RETAIN_SELF = YES;
				CLANG_WARN_OBJC_LITERAL_CONVERSION = YES;
				CLANG_WARN_OBJC_ROOT_CLASS = YES_ERROR;
				CLANG_WARN_QUOTED_INCLUDE_IN_FRAMEWORK_HEADER = YES;
				CLANG_WARN_RANGE_LOOP_ANALYSIS = YES;
				CLANG_WARN_STRICT_PROTOTYPES = YES;
				CLANG_WARN_SUSPICIOUS_MOVE = YES;
				CLANG_WARN_UNGUARDED_AVAILABILITY = YES_AGGRESSIVE;
				CLANG_WARN_UNREACHABLE_CODE = YES;
				CLANG_WARN__DUPLICATE_METHOD_MATCH = YES;
				COPY_PHASE_STRIP = NO;
				DEBUG_INFORMATION_FORMAT = dwarf;
				ENABLE_STRICT_OBJC_MSGSEND = YES;
				ENABLE_TESTABILITY = YES;
				ENABLE_USER_SCRIPT_SANDBOXING = YES;
				GCC_C_LANGUAGE_STANDARD = gnu17;
				GCC_DYNAMIC_NO_PIC = NO;
				GCC_NO_COMMON_BLOCKS = YES;
				GCC_OPTIMIZATION_LEVEL = 0;
				GCC_PREPROCESSOR_DEFINITIONS = (
					"DEBUG=1",
					"$(inherited)",
				);
				GCC_WARN_64_TO_32_BIT_CONVERSION = YES;
				GCC_WARN_ABOUT_RETURN_TYPE = YES_ERROR;
				GCC_WARN_UNDECLARED_SELECTOR = YES;
				GCC_WARN_UNINITIALIZED_AUTOS = YES_AGGRESSIVE;
				GCC_WARN_UNUSED_FUNCTION = YES;
				GCC_WARN_UNUSED_VARIABLE = YES;
				IPHONEOS_DEPLOYMENT_TARGET = 17.4;
				LOCALIZATION_PREFERS_STRING_CATALOGS = YES;
				MTL_ENABLE_DEBUG_INFO = INCLUDE_SOURCE;
				MTL_FAST_MATH = YES;
				ONLY_ACTIVE_ARCH = YES;
				SDKROOT = iphoneos;
				SWIFT_ACTIVE_COMPILATION_CONDITIONS = "DEBUG $(inherited)";
				SWIFT_OPTIMIZATION_LEVEL = "-Onone";
			};
			name = Debug;
		};
		74C556FB2BA60607009E4CA4 /* Release */ = {
			isa = XCBuildConfiguration;
			buildSettings = {
				ALWAYS_SEARCH_USER_PATHS = NO;
				ASSETCATALOG_COMPILER_GENERATE_SWIFT_ASSET_SYMBOL_EXTENSIONS = YES;
				CLANG_ANALYZER_NONNULL = YES;
				CLANG_ANALYZER_NUMBER_OBJECT_CONVERSION = YES_AGGRESSIVE;
				CLANG_CXX_LANGUAGE_STANDARD = "gnu++20";
				CLANG_ENABLE_MODULES = YES;
				CLANG_ENABLE_OBJC_ARC = YES;
				CLANG_ENABLE_OBJC_WEAK = YES;
				CLANG_WARN_BLOCK_CAPTURE_AUTORELEASING = YES;
				CLANG_WARN_BOOL_CONVERSION = YES;
				CLANG_WARN_COMMA = YES;
				CLANG_WARN_CONSTANT_CONVERSION = YES;
				CLANG_WARN_DEPRECATED_OBJC_IMPLEMENTATIONS = YES;
				CLANG_WARN_DIRECT_OBJC_ISA_USAGE = YES_ERROR;
				CLANG_WARN_DOCUMENTATION_COMMENTS = YES;
				CLANG_WARN_EMPTY_BODY = YES;
				CLANG_WARN_ENUM_CONVERSION = YES;
				CLANG_WARN_INFINITE_RECURSION = YES;
				CLANG_WARN_INT_CONVERSION = YES;
				CLANG_WARN_NON_LITERAL_NULL_CONVERSION = YES;
				CLANG_WARN_OBJC_IMPLICIT_RETAIN_SELF = YES;
				CLANG_WARN_OBJC_LITERAL_CONVERSION = YES;
				CLANG_WARN_OBJC_ROOT_CLASS = YES_ERROR;
				CLANG_WARN_QUOTED_INCLUDE_IN_FRAMEWORK_HEADER = YES;
				CLANG_WARN_RANGE_LOOP_ANALYSIS = YES;
				CLANG_WARN_STRICT_PROTOTYPES = YES;
				CLANG_WARN_SUSPICIOUS_MOVE = YES;
				CLANG_WARN_UNGUARDED_AVAILABILITY = YES_AGGRESSIVE;
				CLANG_WARN_UNREACHABLE_CODE = YES;
				CLANG_WARN__DUPLICATE_METHOD_MATCH = YES;
				COPY_PHASE_STRIP = NO;
				DEBUG_INFORMATION_FORMAT = "dwarf-with-dsym";
				ENABLE_NS_ASSERTIONS = NO;
				ENABLE_STRICT_OBJC_MSGSEND = YES;
				ENABLE_USER_SCRIPT_SANDBOXING = YES;
				GCC_C_LANGUAGE_STANDARD = gnu17;
				GCC_NO_COMMON_BLOCKS = YES;
				GCC_WARN_64_TO_32_BIT_CONVERSION = YES;
				GCC_WARN_ABOUT_RETURN_TYPE = YES_ERROR;
				GCC_WARN_UNDECLARED_SELECTOR = YES;
				GCC_WARN_UNINITIALIZED_AUTOS = YES_AGGRESSIVE;
				GCC_WARN_UNUSED_FUNCTION = YES;
				GCC_WARN_UNUSED_VARIABLE = YES;
				IPHONEOS_DEPLOYMENT_TARGET = 17.4;
				LOCALIZATION_PREFERS_STRING_CATALOGS = YES;
				MTL_ENABLE_DEBUG_INFO = NO;
				MTL_FAST_MATH = YES;
				SDKROOT = iphoneos;
				SWIFT_COMPILATION_MODE = wholemodule;
				VALIDATE_PRODUCT = YES;
			};
			name = Release;
		};
		74C556FD2BA60607009E4CA4 /* Debug */ = {
			isa = XCBuildConfiguration;
			buildSettings = {
				ASSETCATALOG_COMPILER_APPICON_NAME = AppIcon;
				ASSETCATALOG_COMPILER_GLOBAL_ACCENT_COLOR_NAME = AccentColor;
				CODE_SIGN_STYLE = Automatic;
				CURRENT_PROJECT_VERSION = 1;
				DEVELOPMENT_ASSET_PATHS = "\"Pokedex/Preview Content\"";
				DEVELOPMENT_TEAM = 3T4T56NWV6;
				ENABLE_PREVIEWS = YES;
				GENERATE_INFOPLIST_FILE = YES;
				INFOPLIST_FILE = Pokedex/Info.plist;
				INFOPLIST_KEY_UIApplicationSceneManifest_Generation = YES;
				INFOPLIST_KEY_UIApplicationSupportsIndirectInputEvents = YES;
				INFOPLIST_KEY_UILaunchScreen_Generation = YES;
				INFOPLIST_KEY_UISupportedInterfaceOrientations_iPad = "UIInterfaceOrientationPortrait UIInterfaceOrientationPortraitUpsideDown UIInterfaceOrientationLandscapeLeft UIInterfaceOrientationLandscapeRight";
				INFOPLIST_KEY_UISupportedInterfaceOrientations_iPhone = "UIInterfaceOrientationPortrait UIInterfaceOrientationLandscapeLeft UIInterfaceOrientationLandscapeRight";
				LD_RUNPATH_SEARCH_PATHS = (
					"$(inherited)",
					"@executable_path/Frameworks",
				);
				MARKETING_VERSION = 1.0;
				PRODUCT_BUNDLE_IDENTIFIER = com.jkazubski.Pokedex;
				PRODUCT_NAME = "$(TARGET_NAME)";
				SWIFT_EMIT_LOC_STRINGS = YES;
				SWIFT_VERSION = 5.0;
				TARGETED_DEVICE_FAMILY = "1,2";
			};
			name = Debug;
		};
		74C556FE2BA60607009E4CA4 /* Release */ = {
			isa = XCBuildConfiguration;
			buildSettings = {
				ASSETCATALOG_COMPILER_APPICON_NAME = AppIcon;
				ASSETCATALOG_COMPILER_GLOBAL_ACCENT_COLOR_NAME = AccentColor;
				CODE_SIGN_STYLE = Automatic;
				CURRENT_PROJECT_VERSION = 1;
				DEVELOPMENT_ASSET_PATHS = "\"Pokedex/Preview Content\"";
				DEVELOPMENT_TEAM = 3T4T56NWV6;
				ENABLE_PREVIEWS = YES;
				GENERATE_INFOPLIST_FILE = YES;
				INFOPLIST_FILE = Pokedex/Info.plist;
				INFOPLIST_KEY_UIApplicationSceneManifest_Generation = YES;
				INFOPLIST_KEY_UIApplicationSupportsIndirectInputEvents = YES;
				INFOPLIST_KEY_UILaunchScreen_Generation = YES;
				INFOPLIST_KEY_UISupportedInterfaceOrientations_iPad = "UIInterfaceOrientationPortrait UIInterfaceOrientationPortraitUpsideDown UIInterfaceOrientationLandscapeLeft UIInterfaceOrientationLandscapeRight";
				INFOPLIST_KEY_UISupportedInterfaceOrientations_iPhone = "UIInterfaceOrientationPortrait UIInterfaceOrientationLandscapeLeft UIInterfaceOrientationLandscapeRight";
				LD_RUNPATH_SEARCH_PATHS = (
					"$(inherited)",
					"@executable_path/Frameworks",
				);
				MARKETING_VERSION = 1.0;
				PRODUCT_BUNDLE_IDENTIFIER = com.jkazubski.Pokedex;
				PRODUCT_NAME = "$(TARGET_NAME)";
				SWIFT_EMIT_LOC_STRINGS = YES;
				SWIFT_VERSION = 5.0;
				TARGETED_DEVICE_FAMILY = "1,2";
			};
			name = Release;
		};
/* End XCBuildConfiguration section */

/* Begin XCConfigurationList section */
		74C556E92BA60606009E4CA4 /* Build configuration list for PBXProject "Pokedex" */ = {
			isa = XCConfigurationList;
			buildConfigurations = (
				74C556FA2BA60607009E4CA4 /* Debug */,
				74C556FB2BA60607009E4CA4 /* Release */,
			);
			defaultConfigurationIsVisible = 0;
			defaultConfigurationName = Release;
		};
		74C556FC2BA60607009E4CA4 /* Build configuration list for PBXNativeTarget "Pokedex" */ = {
			isa = XCConfigurationList;
			buildConfigurations = (
				74C556FD2BA60607009E4CA4 /* Debug */,
				74C556FE2BA60607009E4CA4 /* Release */,
			);
			defaultConfigurationIsVisible = 0;
			defaultConfigurationName = Release;
		};
/* End XCConfigurationList section */
	};
	rootObject = 74C556E62BA60606009E4CA4 /* Project object */;
}
